
Microsoft Visual Studio Solution File, Format Version 12.00
# Visual Studio Version 17
VisualStudioVersion = 17.10.34928.147
MinimumVisualStudioVersion = 10.0.40219.1
Project("{FAE04EC0-301F-11D3-BF4B-00C04F79EFBC}") = "Projet Encrypting Descrepting", "Projet Encrypting Descrepting.csproj", "{443339C9-C324-472C-88FA-6E966BCA3737}"
EndProject
Global
	GlobalSection(SolutionConfigurationPlatforms) = preSolution
		Debug|Any CPU = Debug|Any CPU
		Release|Any CPU = Release|Any CPU
	EndGlobalSection
	GlobalSection(ProjectConfigurationPlatforms) = postSolution
		{443339C9-C324-472C-88FA-6E966BCA3737}.Debug|Any CPU.ActiveCfg = Debug|Any CPU
		{443339C9-C324-472C-88FA-6E966BCA3737}.Debug|Any CPU.Build.0 = Debug|Any CPU
		{443339C9-C324-472C-88FA-6E966BCA3737}.Release|Any CPU.ActiveCfg = Release|Any CPU
		{443339C9-C324-472C-88FA-6E966BCA3737}.Release|Any CPU.Build.0 = Release|Any CPU
	EndGlobalSection
	GlobalSection(SolutionProperties) = preSolution
		HideSolutionNode = FALSE
	EndGlobalSection
	GlobalSection(ExtensibilityGlobals) = postSolution
		SolutionGuid = {81619FE9-B856-4CC8-B6B8-1AB2803C1A24}
	EndGlobalSection
EndGlobal
